Microsoft Visual Studio Solution File, Format Version 11.00
# Visual Studio 2008

Project("{197E22C8-56A2-4A9F-C30F-2903BBCED1D1}") = "2DGameDemo", "Assembly-CSharp-firstpass.csproj", "{CAEDE954-F428-CF80-7D10-93A5DCAC7D18}"
EndProject
Project("{197E22C8-56A2-4A9F-C30F-2903BBCED1D1}") = "2DGameDemo", "Assembly-CSharp-Editor.csproj", "{9487FF1F-E67F-2D43-8DFF-76CB2F5EDBAF}"
EndProject
Project("{197E22C8-56A2-4A9F-C30F-2903BBCED1D1}") = "2DGameDemo", "Assembly-UnityScript.unityproj", "{E36AF194-3FA9-D054-760F-0CBBFE0C3761}"
EndProject
Global
	GlobalSection(SolutionConfigurationPlatforms) = preSolution
		Debug|Any CPU = Debug|Any CPU
		Release|Any CPU = Release|Any CPU
	EndGlobalSection
	GlobalSection(ProjectConfigurationPlatforms) = postSolution
		{CAEDE954-F428-CF80-7D10-93A5DCAC7D18}.Debug|Any CPU.ActiveCfg = Debug|Any CPU
		{CAEDE954-F428-CF80-7D10-93A5DCAC7D18}.Debug|Any CPU.Build.0 = Debug|Any CPU
		{CAEDE954-F428-CF80-7D10-93A5DCAC7D18}.Release|Any CPU.ActiveCfg = Release|Any CPU
		{CAEDE954-F428-CF80-7D10-93A5DCAC7D18}.Release|Any CPU.Build.0 = Release|Any CPU
		{9487FF1F-E67F-2D43-8DFF-76CB2F5EDBAF}.Debug|Any CPU.ActiveCfg = Debug|Any CPU
		{9487FF1F-E67F-2D43-8DFF-76CB2F5EDBAF}.Debug|Any CPU.Build.0 = Debug|Any CPU
		{9487FF1F-E67F-2D43-8DFF-76CB2F5EDBAF}.Release|Any CPU.ActiveCfg = Release|Any CPU
		{9487FF1F-E67F-2D43-8DFF-76CB2F5EDBAF}.Release|Any CPU.Build.0 = Release|Any CPU
		{E36AF194-3FA9-D054-760F-0CBBFE0C3761}.Debug|Any CPU.ActiveCfg = Debug|Any CPU
		{E36AF194-3FA9-D054-760F-0CBBFE0C3761}.Debug|Any CPU.Build.0 = Debug|Any CPU
		{E36AF194-3FA9-D054-760F-0CBBFE0C3761}.Release|Any CPU.ActiveCfg = Release|Any CPU
		{E36AF194-3FA9-D054-760F-0CBBFE0C3761}.Release|Any CPU.Build.0 = Release|Any CPU
	EndGlobalSection
	GlobalSection(SolutionProperties) = preSolution
		HideSolutionNode = FALSE
	EndGlobalSection
	GlobalSection(MonoDevelopProperties) = preSolution
		StartupItem = Assembly-CSharp.csproj
		Policies = $0
		$0.TextStylePolicy = $1
		$1.inheritsSet = null
		$1.scope = text/x-csharp
		$0.CSharpFormattingPolicy = $2
		$2.inheritsSet = Mono
		$2.inheritsScope = text/x-csharp
		$2.scope = text/x-csharp
		$0.TextStylePolicy = $3
		$3.FileWidth = 120
		$3.TabWidth = 4
		$3.IndentWidth = 4
		$3.EolMarker = Unix
		$3.inheritsSet = Mono
		$3.inheritsScope = text/plain
		$3.scope = text/plain
	EndGlobalSection
EndGlobal
